// !$*UTF8*$!
{
	archiveVersion = 1;
	classes = {
	};
	objectVersion = 46;
	objects = {

/* Begin PBXBuildFile section */
		BB6845261B5E76700084B9DA /* main.swift in Sources */ = {isa = PBXBuildFile; fileRef = BB6845251B5E76700084B9DA /* main.swift */; };
		BB6845351B5E76DA0084B9DA /* BowlingTests.swift in Sources */ = {isa = PBXBuildFile; fileRef = BB6845341B5E76DA0084B9DA /* BowlingTests.swift */; };
		BB68453C1B5E78480084B9DA /* Frame.swift in Sources */ = {isa = PBXBuildFile; fileRef = BB68453B1B5E78480084B9DA /* Frame.swift */; };
		BB68453D1B5E78480084B9DA /* Frame.swift in Sources */ = {isa = PBXBuildFile; fileRef = BB68453B1B5E78480084B9DA /* Frame.swift */; };
		BB6845411B5E811E0084B9DA /* Scorer.swift in Sources */ = {isa = PBXBuildFile; fileRef = BB6845401B5E811E0084B9DA /* Scorer.swift */; };
		BB6845421B5E811E0084B9DA /* Scorer.swift in Sources */ = {isa = PBXBuildFile; fileRef = BB6845401B5E811E0084B9DA /* Scorer.swift */; };
/* End PBXBuildFile section */

/* Begin PBXCopyFilesBuildPhase section */
		BB6845201B5E76700084B9DA /* CopyFiles */ = {
			isa = PBXCopyFilesBuildPhase;
			buildActionMask = 2147483647;
			dstPath = /usr/share/man/man1/;
			dstSubfolderSpec = 0;
			files = (
			);
			runOnlyForDeploymentPostprocessing = 1;
		};
/* End PBXCopyFilesBuildPhase section */

/* Begin PBXFileReference section */
		BB6845221B5E76700084B9DA /* Bowling */ = {isa = PBXFileReference; explicitFileType = "compiled.mach-o.executable"; includeInIndex = 0; path = Bowling; sourceTree = BUILT_PRODUCTS_DIR; };
		BB6845251B5E76700084B9DA /* main.swift */ = {isa = PBXFileReference; lastKnownFileType = sourcecode.swift; path = main.swift; sourceTree = "<group>"; };
		BB6845301B5E76DA0084B9DA /* BowlingTests.xctest */ = {isa = PBXFileReference; explicitFileType = wrapper.cfbundle; includeInIndex = 0; path = BowlingTests.xctest; sourceTree = BUILT_PRODUCTS_DIR; };
		BB6845331B5E76DA0084B9DA /* Info.plist */ = {isa = PBXFileReference; lastKnownFileType = text.plist.xml; path = Info.plist; sourceTree = "<group>"; };
		BB6845341B5E76DA0084B9DA /* BowlingTests.swift */ = {isa = PBXFileReference; lastKnownFileType = sourcecode.swift; path = BowlingTests.swift; sourceTree = "<group>"; };
		BB68453B1B5E78480084B9DA /* Frame.swift */ = {isa = PBXFileReference; fileEncoding = 4; lastKnownFileType = sourcecode.swift; name = Frame.swift; path = ../Frame.swift; sourceTree = "<group>"; };
		BB6845401B5E811E0084B9DA /* Scorer.swift */ = {isa = PBXFileReference; fileEncoding = 4; lastKnownFileType = sourcecode.swift; path = Scorer.swift; sourceTree = "<group>"; };
/* End PBXFileReference section */

/* Begin PBXFrameworksBuildPhase section */
		BB68451F1B5E76700084B9DA /* Frameworks */ = {
			isa = PBXFrameworksBuildPhase;
			buildActionMask = 2147483647;
			files = (
			);
			runOnlyForDeploymentPostprocessing = 0;
		};
		BB68452D1B5E76DA0084B9DA /* Frameworks */ = {
			isa = PBXFrameworksBuildPhase;
			buildActionMask = 2147483647;
			files = (
			);
			runOnlyForDeploymentPostprocessing = 0;
		};
/* End PBXFrameworksBuildPhase section */

/* Begin PBXGroup section */
		BB6845191B5E76700084B9DA = {
			isa = PBXGroup;
			children = (
				BB6845241B5E76700084B9DA /* Bowling */,
				BB6845311B5E76DA0084B9DA /* BowlingTests */,
				BB6845231B5E76700084B9DA /* Products */,
			);
			sourceTree = "<group>";
		};
		BB6845231B5E76700084B9DA /* Products */ = {
			isa = PBXGroup;
			children = (
				BB6845221B5E76700084B9DA /* Bowling */,
				BB6845301B5E76DA0084B9DA /* BowlingTests.xctest */,
			);
			name = Products;
			sourceTree = "<group>";
		};
		BB6845241B5E76700084B9DA /* Bowling */ = {
			isa = PBXGroup;
			children = (
				BB68453B1B5E78480084B9DA /* Frame.swift */,
				BB6845251B5E76700084B9DA /* main.swift */,
				BB6845401B5E811E0084B9DA /* Scorer.swift */,
			);
			path = Bowling;
			sourceTree = "<group>";
		};
		BB6845311B5E76DA0084B9DA /* BowlingTests */ = {
			isa = PBXGroup;
			children = (
				BB6845341B5E76DA0084B9DA /* BowlingTests.swift */,
				BB6845321B5E76DA0084B9DA /* Supporting Files */,
			);
			path = BowlingTests;
			sourceTree = "<group>";
		};
		BB6845321B5E76DA0084B9DA /* Supporting Files */ = {
			isa = PBXGroup;
			children = (
				BB6845331B5E76DA0084B9DA /* Info.plist */,
			);
			name = "Supporting Files";
			sourceTree = "<group>";
		};
/* End PBXGroup section */

/* Begin PBXNativeTarget section */
		BB6845211B5E76700084B9DA /* Bowling */ = {
			isa = PBXNativeTarget;
			buildConfigurationList = BB6845291B5E76700084B9DA /* Build configuration list for PBXNativeTarget "Bowling" */;
			buildPhases = (
				BB68451E1B5E76700084B9DA /* Sources */,
				BB68451F1B5E76700084B9DA /* Frameworks */,
				BB6845201B5E76700084B9DA /* CopyFiles */,
			);
			buildRules = (
			);
			dependencies = (
			);
			name = Bowling;
			productName = Bowling;
			productReference = BB6845221B5E76700084B9DA /* Bowling */;
			productType = "com.apple.product-type.tool";
		};
		BB68452F1B5E76DA0084B9DA /* BowlingTests */ = {
			isa = PBXNativeTarget;
			buildConfigurationList = BB6845361B5E76DA0084B9DA /* Build configuration list for PBXNativeTarget "BowlingTests" */;
			buildPhases = (
				BB68452C1B5E76DA0084B9DA /* Sources */,
				BB68452D1B5E76DA0084B9DA /* Frameworks */,
				BB68452E1B5E76DA0084B9DA /* Resources */,
			);
			buildRules = (
			);
			dependencies = (
			);
			name = BowlingTests;
			productName = BowlingTests;
			productReference = BB6845301B5E76DA0084B9DA /* BowlingTests.xctest */;
			productType = "com.apple.product-type.bundle.unit-test";
		};
/* End PBXNativeTarget section */

/* Begin PBXProject section */
		BB68451A1B5E76700084B9DA /* Project object */ = {
			isa = PBXProject;
			attributes = {
				LastUpgradeCheck = 1240;
				ORGANIZATIONNAME = "University of Chester";
				TargetAttributes = {
					BB6845211B5E76700084B9DA = {
						CreatedOnToolsVersion = 6.4;
						LastSwiftMigration = 1240;
					};
					BB68452F1B5E76DA0084B9DA = {
						CreatedOnToolsVersion = 6.4;
						LastSwiftMigration = 1240;
					};
				};
			};
			buildConfigurationList = BB68451D1B5E76700084B9DA /* Build configuration list for PBXProject "Bowling" */;
			compatibilityVersion = "Xcode 3.2";
			developmentRegion = en;
			hasScannedForEncodings = 0;
			knownRegions = (
				en,
				Base,
			);
			mainGroup = BB6845191B5E76700084B9DA;
			productRefGroup = BB6845231B5E76700084B9DA /* Products */;
			projectDirPath = "";
			projectRoot = "";
			targets = (
				BB6845211B5E76700084B9DA /* Bowling */,
				BB68452F1B5E76DA0084B9DA /* BowlingTests */,
			);
		};
/* End PBXProject section */

/* Begin PBXResourcesBuildPhase section */
		BB68452E1B5E76DA0084B9DA /* Resources */ = {
			isa = PBXResourcesBuildPhase;
			buildActionMask = 2147483647;
			files = (
			);
			runOnlyForDeploymentPostprocessing = 0;
		};
/* End PBXResourcesBuildPhase section */

/* Begin PBXSourcesBuildPhase section */
		BB68451E1B5E76700084B9DA /* Sources */ = {
			isa = PBXSourcesBuildPhase;
			buildActionMask = 2147483647;
			files = (
				BB6845261B5E76700084B9DA /* main.swift in Sources */,
				BB6845411B5E811E0084B9DA /* Scorer.swift in Sources */,
				BB68453C1B5E78480084B9DA /* Frame.swift in Sources */,
			);
			runOnlyForDeploymentPostprocessing = 0;
		};
		BB68452C1B5E76DA0084B9DA /* Sources */ = {
			isa = PBXSourcesBuildPhase;
			buildActionMask = 2147483647;
			files = (
				BB68453D1B5E78480084B9DA /* Frame.swift in Sources */,
				BB6845421B5E811E0084B9DA /* Scorer.swift in Sources */,
				BB6845351B5E76DA0084B9DA /* BowlingTests.swift in Sources */,
			);
			runOnlyForDeploymentPostprocessing = 0;
		};
/* End PBXSourcesBuildPhase section */

/* Begin XCBuildConfiguration section */
		BB6845271B5E76700084B9DA /* Debug */ = {
			isa = XCBuildConfiguration;
			buildSettings = {
				ALWAYS_SEARCH_USER_PATHS = NO;
				CLANG_ANALYZER_LOCALIZABILITY_NONLOCALIZED = YES;
				CLANG_CXX_LANGUAGE_STANDARD = "gnu++0x";
				CLANG_CXX_LIBRARY = "libc++";
				CLANG_ENABLE_MODULES = YES;
				CLANG_ENABLE_OBJC_ARC = YES;
				CLANG_WARN_BLOCK_CAPTURE_AUTORELEASING = YES;
				CLANG_WARN_BOOL_CONVERSION = YES;
				CLANG_WARN_COMMA = YES;
				CLANG_WARN_CONSTANT_CONVERSION = YES;
				CLANG_WARN_DEPRECATED_OBJC_IMPLEMENTATIONS = YES;
				CLANG_WARN_DIRECT_OBJC_ISA_USAGE = YES_ERROR;
				CLANG_WARN_EMPTY_BODY = YES;
				CLANG_WARN_ENUM_CONVERSION = YES;
				CLANG_WARN_INFINITE_RECURSION = YES;
				CLANG_WARN_INT_CONVERSION = YES;
				CLANG_WARN_NON_LITERAL_NULL_CONVERSION = YES;
				CLANG_WARN_OBJC_IMPLICIT_RETAIN_SELF = YES;
				CLANG_WARN_OBJC_LITERAL_CONVERSION = YES;
				CLANG_WARN_OBJC_ROOT_CLASS = YES_ERROR;
				CLANG_WARN_QUOTED_INCLUDE_IN_FRAMEWORK_HEADER = YES;
				CLANG_WARN_RANGE_LOOP_ANALYSIS = YES;
				CLANG_WARN_STRICT_PROTOTYPES = YES;
				CLANG_WARN_SUSPICIOUS_MOVE = YES;
				CLANG_WARN_UNREACHABLE_CODE = YES;
				CLANG_WARN__DUPLICATE_METHOD_MATCH = YES;
				COPY_PHASE_STRIP = NO;
				DEBUG_INFORMATION_FORMAT = dwarf;
				ENABLE_STRICT_OBJC_MSGSEND = YES;
				ENABLE_TESTABILITY = YES;
				GCC_C_LANGUAGE_STANDARD = gnu99;
				GCC_DYNAMIC_NO_PIC = NO;
				GCC_NO_COMMON_BLOCKS = YES;
				GCC_OPTIMIZATION_LEVEL = 0;
				GCC_PREPROCESSOR_DEFINITIONS = (
					"DEBUG=1",
					"$(inherited)",
				);
				GCC_SYMBOLS_PRIVATE_EXTERN = NO;
				GCC_WARN_64_TO_32_BIT_CONVERSION = YES;
				GCC_WARN_ABOUT_RETURN_TYPE = YES_ERROR;
				GCC_WARN_UNDECLARED_SELECTOR = YES;
				GCC_WARN_UNINITIALIZED_AUTOS = YES_AGGRESSIVE;
				GCC_WARN_UNUSED_FUNCTION = YES;
				GCC_WARN_UNUSED_VARIABLE = YES;
				MACOSX_DEPLOYMENT_TARGET = 11.1;
				MTL_ENABLE_DEBUG_INFO = YES;
				ONLY_ACTIVE_ARCH = YES;
				SDKROOT = macosx;
				SWIFT_OPTIMIZATION_LEVEL = "-Onone";
			};
			name = Debug;
		};
		BB6845281B5E76700084B9DA /* Release */ = {
			isa = XCBuildConfiguration;
			buildSettings = {
				ALWAYS_SEARCH_USER_PATHS = NO;
				CLANG_ANALYZER_LOCALIZABILITY_NONLOCALIZED = YES;
				CLANG_CXX_LANGUAGE_STANDARD = "gnu++0x";
				CLANG_CXX_LIBRARY = "libc++";
				CLANG_ENABLE_MODULES = YES;
				CLANG_ENABLE_OBJC_ARC = YES;
				CLANG_WARN_BLOCK_CAPTURE_AUTORELEASING = YES;
				CLANG_WARN_BOOL_CONVERSION = YES;
				CLANG_WARN_COMMA = YES;
				CLANG_WARN_CONSTANT_CONVERSION = YES;
				CLANG_WARN_DEPRECATED_OBJC_IMPLEMENTATIONS = YES;
				CLANG_WARN_DIRECT_OBJC_ISA_USAGE = YES_ERROR;
				CLANG_WARN_EMPTY_BODY = YES;
				CLANG_WARN_ENUM_CONVERSION = YES;
				CLANG_WARN_INFINITE_RECURSION = YES;
				CLANG_WARN_INT_CONVERSION = YES;
				CLANG_WARN_NON_LITERAL_NULL_CONVERSION = YES;
				CLANG_WARN_OBJC_IMPLICIT_RETAIN_SELF = YES;
				CLANG_WARN_OBJC_LITERAL_CONVERSION = YES;
				CLANG_WARN_OBJC_ROOT_CLASS = YES_ERROR;
				CLANG_WARN_QUOTED_INCLUDE_IN_FRAMEWORK_HEADER = YES;
				CLANG_WARN_RANGE_LOOP_ANALYSIS = YES;
				CLANG_WARN_STRICT_PROTOTYPES = YES;
				CLANG_WARN_SUSPICIOUS_MOVE = YES;
				CLANG_WARN_UNREACHABLE_CODE = YES;
				CLANG_WARN__DUPLICATE_METHOD_MATCH = YES;
				COPY_PHASE_STRIP = NO;
				DEBUG_INFORMATION_FORMAT = "dwarf-with-dsym";
				ENABLE_NS_ASSERTIONS = NO;
				ENABLE_STRICT_OBJC_MSGSEND = YES;
				GCC_C_LANGUAGE_STANDARD = gnu99;
				GCC_NO_COMMON_BLOCKS = YES;
				GCC_WARN_64_TO_32_BIT_CONVERSION = YES;
				GCC_WARN_ABOUT_RETURN_TYPE = YES_ERROR;
				GCC_WARN_UNDECLARED_SELECTOR = YES;
				GCC_WARN_UNINITIALIZED_AUTOS = YES_AGGRESSIVE;
				GCC_WARN_UNUSED_FUNCTION = YES;
				GCC_WARN_UNUSED_VARIABLE = YES;
				MACOSX_DEPLOYMENT_TARGET = 11.1;
				MTL_ENABLE_DEBUG_INFO = NO;
				SDKROOT = macosx;
				SWIFT_OPTIMIZATION_LEVEL = "-Owholemodule";
			};
			name = Release;
		};
		BB68452A1B5E76700084B9DA /* Debug */ = {
			isa = XCBuildConfiguration;
			buildSettings = {
				CODE_SIGN_IDENTITY = "-";
				MACOSX_DEPLOYMENT_TARGET = 11.1;
				PRODUCT_NAME = "$(TARGET_NAME)";
				SWIFT_VERSION = 5.0;
			};
			name = Debug;
		};
		BB68452B1B5E76700084B9DA /* Release */ = {
			isa = XCBuildConfiguration;
			buildSettings = {
				CODE_SIGN_IDENTITY = "-";
				MACOSX_DEPLOYMENT_TARGET = 11.1;
				PRODUCT_NAME = "$(TARGET_NAME)";
				SWIFT_VERSION = 5.0;
			};
			name = Release;
		};
		BB6845371B5E76DA0084B9DA /* Debug */ = {
			isa = XCBuildConfiguration;
			buildSettings = {
				COMBINE_HIDPI_IMAGES = YES;
				FRAMEWORK_SEARCH_PATHS = (
					"$(DEVELOPER_FRAMEWORKS_DIR)",
					"$(inherited)",
				);
				GCC_PREPROCESSOR_DEFINITIONS = (
					"DEBUG=1",
					"$(inherited)",
				);
				INFOPLIST_FILE = BowlingTests/Info.plist;
				LD_RUNPATH_SEARCH_PATHS = "$(inherited) @executable_path/../Frameworks @loader_path/../Frameworks";
				PRODUCT_BUNDLE_IDENTIFIER = "uk.ac.chester.$(PRODUCT_NAME:rfc1034identifier)";
				PRODUCT_NAME = "$(TARGET_NAME)";
				SWIFT_VERSION = 5.0;
			};
			name = Debug;
		};
		BB6845381B5E76DA0084B9DA /* Release */ = {
			isa = XCBuildConfiguration;
			buildSettings = {
				COMBINE_HIDPI_IMAGES = YES;
				FRAMEWORK_SEARCH_PATHS = (
					"$(DEVELOPER_FRAMEWORKS_DIR)",
					"$(inherited)",
				);
				INFOPLIST_FILE = BowlingTests/Info.plist;
				LD_RUNPATH_SEARCH_PATHS = "$(inherited) @executable_path/../Frameworks @loader_path/../Frameworks";
				PRODUCT_BUNDLE_IDENTIFIER = "uk.ac.chester.$(PRODUCT_NAME:rfc1034identifier)";
				PRODUCT_NAME = "$(TARGET_NAME)";
				SWIFT_VERSION = 5.0;
			};
			name = Release;
		};
/* End XCBuildConfiguration section */

/* Begin XCConfigurationList section */
		BB68451D1B5E76700084B9DA /* Build configuration list for PBXProject "Bowling" */ = {
			isa = XCConfigurationList;
			buildConfigurations = (
				BB6845271B5E76700084B9DA /* Debug */,
				BB6845281B5E76700084B9DA /* Release */,
			);
			defaultConfigurationIsVisible = 0;
			defaultConfigurationName = Release;
		};
		BB6845291B5E76700084B9DA /* Build configuration list for PBXNativeTarget "Bowling" */ = {
			isa = XCConfigurationList;
			buildConfigurations = (
				BB68452A1B5E76700084B9DA /* Debug */,
				BB68452B1B5E76700084B9DA /* Release */,
			);
			defaultConfigurationIsVisible = 0;
			defaultConfigurationName = Release;
		};
		BB6845361B5E76DA0084B9DA /* Build configuration list for PBXNativeTarget "BowlingTests" */ = {
			isa = XCConfigurationList;
			buildConfigurations = (
				BB6845371B5E76DA0084B9DA /* Debug */,
				BB6845381B5E76DA0084B9DA /* Release */,
			);
			defaultConfigurationIsVisible = 0;
			defaultConfigurationName = Release;
		};
/* End XCConfigurationList section */
	};
	rootObject = BB68451A1B5E76700084B9DA /* Project object */;
}
